
Microsoft Visual Studio Solution File, Format Version 12.00
# Visual Studio Version 17
VisualStudioVersion = 17.9.34526.213
MinimumVisualStudioVersion = 10.0.40219.1
Project("{FAE04EC0-301F-11D3-BF4B-00C04F79EFBC}") = "ex0219", "ex0219.csproj", "{4D5D4913-4622-43CE-8579-5D5999827529}"
EndProject
Project("{FAE04EC0-301F-11D3-BF4B-00C04F79EFBC}") = "WindowsFormsApp1", "..\WindowsFormsApp1\WindowsFormsApp1.csproj", "{CBF4A447-CEE5-47F1-89D8-D2E60F1870C5}"
EndProject
Global
	GlobalSection(SolutionConfigurationPlatforms) = preSolution
		Debug|Any CPU = Debug|Any CPU
		Release|Any CPU = Release|Any CPU
	EndGlobalSection
	GlobalSection(ProjectConfigurationPlatforms) = postSolution
		{4D5D4913-4622-43CE-8579-5D5999827529}.Debug|Any CPU.ActiveCfg = Debug|Any CPU
		{4D5D4913-4622-43CE-8579-5D5999827529}.Debug|Any CPU.Build.0 = Debug|Any CPU
		{4D5D4913-4622-43CE-8579-5D5999827529}.Release|Any CPU.ActiveCfg = Release|Any CPU
		{4D5D4913-4622-43CE-8579-5D5999827529}.Release|Any CPU.Build.0 = Release|Any CPU
		{CBF4A447-CEE5-47F1-89D8-D2E60F1870C5}.Debug|Any CPU.ActiveCfg = Debug|Any CPU
		{CBF4A447-CEE5-47F1-89D8-D2E60F1870C5}.Debug|Any CPU.Build.0 = Debug|Any CPU
		{CBF4A447-CEE5-47F1-89D8-D2E60F1870C5}.Release|Any CPU.ActiveCfg = Release|Any CPU
		{CBF4A447-CEE5-47F1-89D8-D2E60F1870C5}.Release|Any CPU.Build.0 = Release|Any CPU
	EndGlobalSection
	GlobalSection(SolutionProperties) = preSolution
		HideSolutionNode = FALSE
	EndGlobalSection
	GlobalSection(ExtensibilityGlobals) = postSolution
		SolutionGuid = {E10FACC9-BF31-45C7-AF94-6AD8B4FE5E47}
	EndGlobalSection
EndGlobal
