
Microsoft Visual Studio Solution File, Format Version 12.00
# Visual Studio Version 17
VisualStudioVersion = 17.9.34526.213
MinimumVisualStudioVersion = 10.0.40219.1
Project("{FAE04EC0-301F-11D3-BF4B-00C04F79EFBC}") = "test0224", "test0224.csproj", "{F3045A97-27FC-4EA2-9960-6FBC78E5D4C5}"
EndProject
Global
	GlobalSection(SolutionConfigurationPlatforms) = preSolution
		Debug|Any CPU = Debug|Any CPU
		Release|Any CPU = Release|Any CPU
	EndGlobalSection
	GlobalSection(ProjectConfigurationPlatforms) = postSolution
		{F3045A97-27FC-4EA2-9960-6FBC78E5D4C5}.Debug|Any CPU.ActiveCfg = Debug|Any CPU
		{F3045A97-27FC-4EA2-9960-6FBC78E5D4C5}.Debug|Any CPU.Build.0 = Debug|Any CPU
		{F3045A97-27FC-4EA2-9960-6FBC78E5D4C5}.Release|Any CPU.ActiveCfg = Release|Any CPU
		{F3045A97-27FC-4EA2-9960-6FBC78E5D4C5}.Release|Any CPU.Build.0 = Release|Any CPU
	EndGlobalSection
	GlobalSection(SolutionProperties) = preSolution
		HideSolutionNode = FALSE
	EndGlobalSection
	GlobalSection(ExtensibilityGlobals) = postSolution
		SolutionGuid = {B953FF99-69E3-4E4D-9B55-55C3BF57CA39}
	EndGlobalSection
EndGlobal
