
Microsoft Visual Studio Solution File, Format Version 12.00
# Visual Studio Version 17
VisualStudioVersion = 17.9.34526.213
MinimumVisualStudioVersion = 10.0.40219.1
Project("{FAE04EC0-301F-11D3-BF4B-00C04F79EFBC}") = "class", "class\class.csproj", "{81038AEC-272C-4512-95FA-E38786356BEC}"
EndProject
Global
	GlobalSection(SolutionConfigurationPlatforms) = preSolution
		Debug|Any CPU = Debug|Any CPU
		Release|Any CPU = Release|Any CPU
	EndGlobalSection
	GlobalSection(ProjectConfigurationPlatforms) = postSolution
		{81038AEC-272C-4512-95FA-E38786356BEC}.Debug|Any CPU.ActiveCfg = Debug|Any CPU
		{81038AEC-272C-4512-95FA-E38786356BEC}.Debug|Any CPU.Build.0 = Debug|Any CPU
		{81038AEC-272C-4512-95FA-E38786356BEC}.Release|Any CPU.ActiveCfg = Release|Any CPU
		{81038AEC-272C-4512-95FA-E38786356BEC}.Release|Any CPU.Build.0 = Release|Any CPU
	EndGlobalSection
	GlobalSection(SolutionProperties) = preSolution
		HideSolutionNode = FALSE
	EndGlobalSection
	GlobalSection(ExtensibilityGlobals) = postSolution
		SolutionGuid = {2EA06D16-B73D-4F8B-95EE-D0260DF7AFBF}
	EndGlobalSection
EndGlobal
